
Microsoft Visual Studio Solution File, Format Version 12.00
# Visual Studio Version 17
VisualStudioVersion = 17.1.32328.378
MinimumVisualStudioVersion = 10.0.40219.1
Project("{FAE04EC0-301F-11D3-BF4B-00C04F79EFBC}") = "LINQ-In-Manhattan", "LINQ-In-Manhattan\LINQ-In-Manhattan.csproj", "{9926BDA4-9CF6-4BF1-B305-88A0C2EB872B}"
EndProject
Global
	GlobalSection(SolutionConfigurationPlatforms) = preSolution
		Debug|Any CPU = Debug|Any CPU
		Release|Any CPU = Release|Any CPU
	EndGlobalSection
	GlobalSection(ProjectConfigurationPlatforms) = postSolution
		{9926BDA4-9CF6-4BF1-B305-88A0C2EB872B}.Debug|Any CPU.ActiveCfg = Debug|Any CPU
		{9926BDA4-9CF6-4BF1-B305-88A0C2EB872B}.Debug|Any CPU.Build.0 = Debug|Any CPU
		{9926BDA4-9CF6-4BF1-B305-88A0C2EB872B}.Release|Any CPU.ActiveCfg = Release|Any CPU
		{9926BDA4-9CF6-4BF1-B305-88A0C2EB872B}.Release|Any CPU.Build.0 = Release|Any CPU
	EndGlobalSection
	GlobalSection(SolutionProperties) = preSolution
		HideSolutionNode = FALSE
	EndGlobalSection
	GlobalSection(ExtensibilityGlobals) = postSolution
		SolutionGuid = {733BE68E-C4C0-44FF-9DD2-ABD2F16EB998}
	EndGlobalSection
EndGlobal
